{
  "name": "a",
  "lockfileVersion": 2,
  "requires": true,
  "packages": {
    "": {
      "dependencies": {
        "@types/node": "16.11.22"
      }
    },
    "node_modules/@types/node": {
      "version": "16.11.22",
      "resolved": "https://registry.npmjs.org/@types/node/-/node-16.11.22.tgz",
      "integrity": "sha512-DYNtJWauMQ9RNpesl4aVothr97/tIJM8HbyOXJ0AYT1Z2bEjLHyfjOBPAQQVMLf8h3kSShYfNk8Wnto8B2zHUA=="
    }
  },
  "dependencies": {
    "@types/node": {
      "version": "16.11.22",
      "resolved": "https://registry.npmjs.org/@types/node/-/node-16.11.22.tgz",
      "integrity": "sha512-DYNtJWauMQ9RNpesl4aVothr97/tIJM8HbyOXJ0AYT1Z2bEjLHyfjOBPAQQVMLf8h3kSShYfNk8Wnto8B2zHUA=="
    }
  }
}
